
Microsoft Visual Studio Solution File, Format Version 12.00
# SQL Server Management Studio Version 21
VisualStudioVersion = 17.14.36429.23 d17.14
MinimumVisualStudioVersion = 10.0.40219.1
Project("{4F2E2C19-372F-40D8-9FA7-9D2138C6997A}") = "clinic-in-a-day-sql", "clinic-in-a-day-sql\clinic-in-a-day-sql.ssmssqlproj", "{B2FE8B3C-5177-2E8A-E309-3125179D56E6}"
EndProject
Global
	GlobalSection(SolutionConfigurationPlatforms) = preSolution
		Default|Default = Default|Default
	EndGlobalSection
	GlobalSection(ProjectConfigurationPlatforms) = postSolution
		{B2FE8B3C-5177-2E8A-E309-3125179D56E6}.Default|Default.ActiveCfg = Default
	EndGlobalSection
	GlobalSection(SolutionProperties) = preSolution
		HideSolutionNode = FALSE
	EndGlobalSection
	GlobalSection(ExtensibilityGlobals) = postSolution
		SolutionGuid = {DB93A952-8FA7-4820-A377-793CEEE6F8DE}
	EndGlobalSection
EndGlobal
